
Microsoft Visual Studio Solution File, Format Version 12.00
# Visual Studio Version 16
VisualStudioVersion = 16.0.30330.147
MinimumVisualStudioVersion = 10.0.40219.1
Project("{FAE04EC0-301F-11D3-BF4B-00C04F79EFBC}") = "PoGoMoveset", "PoGoMoveset\PoGoMoveset.csproj", "{46AD3272-92E9-408C-A9F2-E07E3BEA5B8F}"
EndProject
Global
	GlobalSection(SolutionConfigurationPlatforms) = preSolution
		Debug|Any CPU = Debug|Any CPU
		Release|Any CPU = Release|Any CPU
	EndGlobalSection
	GlobalSection(ProjectConfigurationPlatforms) = postSolution
		{46AD3272-92E9-408C-A9F2-E07E3BEA5B8F}.Debug|Any CPU.ActiveCfg = Debug|Any CPU
		{46AD3272-92E9-408C-A9F2-E07E3BEA5B8F}.Debug|Any CPU.Build.0 = Debug|Any CPU
		{46AD3272-92E9-408C-A9F2-E07E3BEA5B8F}.Release|Any CPU.ActiveCfg = Release|Any CPU
		{46AD3272-92E9-408C-A9F2-E07E3BEA5B8F}.Release|Any CPU.Build.0 = Release|Any CPU
	EndGlobalSection
	GlobalSection(SolutionProperties) = preSolution
		HideSolutionNode = FALSE
	EndGlobalSection
	GlobalSection(ExtensibilityGlobals) = postSolution
		SolutionGuid = {3DFD4FD4-30C3-4AFE-B904-EFD634D83113}
	EndGlobalSection
EndGlobal
